
Microsoft Visual Studio Solution File, Format Version 12.00
# Visual Studio Version 17
VisualStudioVersion = 17.14.36301.6 d17.14
MinimumVisualStudioVersion = 10.0.40219.1
Project("{FAE04EC0-301F-11D3-BF4B-00C04F79EFBC}") = "ChatMessenger", "ChatMessenger.csproj", "{02EEC66C-D2BA-41ED-9D4D-B8AC5234C116}"
EndProject
Global
	GlobalSection(SolutionConfigurationPlatforms) = preSolution
		Debug|Any CPU = Debug|Any CPU
		Release|Any CPU = Release|Any CPU
	EndGlobalSection
	GlobalSection(ProjectConfigurationPlatforms) = postSolution
		{02EEC66C-D2BA-41ED-9D4D-B8AC5234C116}.Debug|Any CPU.ActiveCfg = Debug|Any CPU
		{02EEC66C-D2BA-41ED-9D4D-B8AC5234C116}.Debug|Any CPU.Build.0 = Debug|Any CPU
		{02EEC66C-D2BA-41ED-9D4D-B8AC5234C116}.Release|Any CPU.ActiveCfg = Release|Any CPU
		{02EEC66C-D2BA-41ED-9D4D-B8AC5234C116}.Release|Any CPU.Build.0 = Release|Any CPU
	EndGlobalSection
	GlobalSection(SolutionProperties) = preSolution
		HideSolutionNode = FALSE
	EndGlobalSection
	GlobalSection(ExtensibilityGlobals) = postSolution
		SolutionGuid = {B0D5D463-0449-4871-A0A6-3B386F7B231B}
	EndGlobalSection
EndGlobal
